// !$*UTF8*$!
{
	archiveVersion = 1;
	classes = {
	};
	objectVersion = 51;
	objects = {

/* Begin PBXBuildFile section */
		504C30D7265BC30300C520B0 /* ContentDetailCell.swift in Sources */ = {isa = PBXBuildFile; fileRef = 504C30D5265BC30300C520B0 /* ContentDetailCell.swift */; };
		504C30D8265BC30300C520B0 /* ContentDetailCell.xib in Resources */ = {isa = PBXBuildFile; fileRef = 504C30D6265BC30300C520B0 /* ContentDetailCell.xib */; };
		504E35522625982D00A119D1 /* ProfileViewController.swift in Sources */ = {isa = PBXBuildFile; fileRef = 504E35512625982D00A119D1 /* ProfileViewController.swift */; };
		504E35562625C68700A119D1 /* ContentsCell.swift in Sources */ = {isa = PBXBuildFile; fileRef = 504E35542625C68700A119D1 /* ContentsCell.swift */; };
		504E35572625C68700A119D1 /* ContentsCell.xib in Resources */ = {isa = PBXBuildFile; fileRef = 504E35552625C68700A119D1 /* ContentsCell.xib */; };
		505854552635081B00182CFD /* SearchViewController.swift in Sources */ = {isa = PBXBuildFile; fileRef = 505854542635081B00182CFD /* SearchViewController.swift */; };
		5064B81026B5A75100994961 /* SearchAndLoadModel.swift in Sources */ = {isa = PBXBuildFile; fileRef = 5064B80826B5A75000994961 /* SearchAndLoadModel.swift */; };
		5064B81126B5A75100994961 /* LikeModel.swift in Sources */ = {isa = PBXBuildFile; fileRef = 5064B80926B5A75000994961 /* LikeModel.swift */; };
		5064B81326B5A75100994961 /* ContentModel.swift in Sources */ = {isa = PBXBuildFile; fileRef = 5064B80B26B5A75100994961 /* ContentModel.swift */; };
		5064B81426B5A75100994961 /* DataSets.swift in Sources */ = {isa = PBXBuildFile; fileRef = 5064B80C26B5A75100994961 /* DataSets.swift */; };
		5064B81526B5A75100994961 /* ProfileModel.swift in Sources */ = {isa = PBXBuildFile; fileRef = 5064B80D26B5A75100994961 /* ProfileModel.swift */; };
		5064B81626B5A75100994961 /* LoadModel.swift in Sources */ = {isa = PBXBuildFile; fileRef = 5064B80E26B5A75100994961 /* LoadModel.swift */; };
		5064B81726B5A75100994961 /* SendDBModel.swift in Sources */ = {isa = PBXBuildFile; fileRef = 5064B80F26B5A75100994961 /* SendDBModel.swift */; };
		50763BEF261057210071941E /* TrendViewController.swift in Sources */ = {isa = PBXBuildFile; fileRef = 50763BEE261057210071941E /* TrendViewController.swift */; };
		50777F9C261C8B77005314BF /* TabBarController.swift in Sources */ = {isa = PBXBuildFile; fileRef = 50777F9B261C8B77005314BF /* TabBarController.swift */; };
		50777FA1261CAB58005314BF /* MemoViewController.swift in Sources */ = {isa = PBXBuildFile; fileRef = 50777FA0261CAB58005314BF /* MemoViewController.swift */; };
		507B8DFD266266770001B8DC /* MemoViewCell.swift in Sources */ = {isa = PBXBuildFile; fileRef = 507B8DFB266266770001B8DC /* MemoViewCell.swift */; };
		507B8DFE266266770001B8DC /* MemoViewCell.xib in Resources */ = {isa = PBXBuildFile; fileRef = 507B8DFC266266770001B8DC /* MemoViewCell.xib */; };
		508B0B47260B615700FBA8C5 /* CreateUserViewController.swift in Sources */ = {isa = PBXBuildFile; fileRef = 508B0B46260B615700FBA8C5 /* CreateUserViewController.swift */; };
		508C81F326A471230023770B /* LikeCell.swift in Sources */ = {isa = PBXBuildFile; fileRef = 508C81F126A471230023770B /* LikeCell.swift */; };
		508C81F426A471230023770B /* LikeCell.xib in Resources */ = {isa = PBXBuildFile; fileRef = 508C81F226A471230023770B /* LikeCell.xib */; };
		508C95DB2622D6FC0077F3A6 /* DetailViewController.swift in Sources */ = {isa = PBXBuildFile; fileRef = 508C95DA2622D6FC0077F3A6 /* DetailViewController.swift */; };
		5098092E26A58B7C005240D4 /* VideoViewController.swift in Sources */ = {isa = PBXBuildFile; fileRef = 5098092D26A58B7C005240D4 /* VideoViewController.swift */; };
		5098093026A59EDF005240D4 /* GoogleViewController.swift in Sources */ = {isa = PBXBuildFile; fileRef = 5098092F26A59EDF005240D4 /* GoogleViewController.swift */; };
		50A8D81F2645310C008B5CEA /* SearchResultsViewController.swift in Sources */ = {isa = PBXBuildFile; fileRef = 50A8D81E2645310C008B5CEA /* SearchResultsViewController.swift */; };
		50CF1B9D263525DA00ECF7E4 /* GameViewController.swift in Sources */ = {isa = PBXBuildFile; fileRef = 50CF1B9C263525DA00ECF7E4 /* GameViewController.swift */; };
		50D9222B26078EB5009A7BB0 /* AppDelegate.swift in Sources */ = {isa = PBXBuildFile; fileRef = 50D9222A26078EB5009A7BB0 /* AppDelegate.swift */; };
		50D9222D26078EB5009A7BB0 /* SceneDelegate.swift in Sources */ = {isa = PBXBuildFile; fileRef = 50D9222C26078EB5009A7BB0 /* SceneDelegate.swift */; };
		50D9222F26078EB5009A7BB0 /* TutorialViewController.swift in Sources */ = {isa = PBXBuildFile; fileRef = 50D9222E26078EB5009A7BB0 /* TutorialViewController.swift */; };
		50D9223226078EB5009A7BB0 /* Main.storyboard in Resources */ = {isa = PBXBuildFile; fileRef = 50D9223026078EB5009A7BB0 /* Main.storyboard */; };
		50D9223426078EB6009A7BB0 /* Assets.xcassets in Resources */ = {isa = PBXBuildFile; fileRef = 50D9223326078EB6009A7BB0 /* Assets.xcassets */; };
		50D9223726078EB6009A7BB0 /* LaunchScreen.storyboard in Resources */ = {isa = PBXBuildFile; fileRef = 50D9223526078EB6009A7BB0 /* LaunchScreen.storyboard */; };
		50F33D1A268783C7001A358D /* ProfileEditViewController.swift in Sources */ = {isa = PBXBuildFile; fileRef = 50F33D19268783C7001A358D /* ProfileEditViewController.swift */; };
		50F5585F2691F885004A73AE /* SplashViewController.swift in Sources */ = {isa = PBXBuildFile; fileRef = 50F5585E2691F885004A73AE /* SplashViewController.swift */; };
		50F8BE1326B0373300980972 /* GoogleService-Info.plist in Resources */ = {isa = PBXBuildFile; fileRef = 50F8BE1226B0373300980972 /* GoogleService-Info.plist */; };
		FC1DB69F43320DF3CE779F51 /* Pods_FavoGames.framework in Frameworks */ = {isa = PBXBuildFile; fileRef = C72A6CE1A1BDC90C47270B74 /* Pods_FavoGames.framework */; };
/* End PBXBuildFile section */

/* Begin PBXFileReference section */
		3B86963A1E8174124908661F /* Pods-FavoGames.debug.xcconfig */ = {isa = PBXFileReference; includeInIndex = 1; lastKnownFileType = text.xcconfig; name = "Pods-FavoGames.debug.xcconfig"; path = "Target Support Files/Pods-FavoGames/Pods-FavoGames.debug.xcconfig"; sourceTree = "<group>"; };
		504C30D5265BC30300C520B0 /* ContentDetailCell.swift */ = {isa = PBXFileReference; lastKnownFileType = sourcecode.swift; path = ContentDetailCell.swift; sourceTree = "<group>"; };
		504C30D6265BC30300C520B0 /* ContentDetailCell.xib */ = {isa = PBXFileReference; lastKnownFileType = file.xib; path = ContentDetailCell.xib; sourceTree = "<group>"; };
		504E35512625982D00A119D1 /* ProfileViewController.swift */ = {isa = PBXFileReference; lastKnownFileType = sourcecode.swift; path = ProfileViewController.swift; sourceTree = "<group>"; };
		504E35542625C68700A119D1 /* ContentsCell.swift */ = {isa = PBXFileReference; lastKnownFileType = sourcecode.swift; path = ContentsCell.swift; sourceTree = "<group>"; };
		504E35552625C68700A119D1 /* ContentsCell.xib */ = {isa = PBXFileReference; lastKnownFileType = file.xib; path = ContentsCell.xib; sourceTree = "<group>"; };
		505854542635081B00182CFD /* SearchViewController.swift */ = {isa = PBXFileReference; lastKnownFileType = sourcecode.swift; path = SearchViewController.swift; sourceTree = "<group>"; };
		5064B80826B5A75000994961 /* SearchAndLoadModel.swift */ = {isa = PBXFileReference; fileEncoding = 4; lastKnownFileType = sourcecode.swift; name = SearchAndLoadModel.swift; path = FavoGames/Model/SearchAndLoadModel.swift; sourceTree = "<group>"; };
		5064B80926B5A75000994961 /* LikeModel.swift */ = {isa = PBXFileReference; fileEncoding = 4; lastKnownFileType = sourcecode.swift; name = LikeModel.swift; path = FavoGames/Model/LikeModel.swift; sourceTree = "<group>"; };
		5064B80B26B5A75100994961 /* ContentModel.swift */ = {isa = PBXFileReference; fileEncoding = 4; lastKnownFileType = sourcecode.swift; name = ContentModel.swift; path = FavoGames/Model/ContentModel.swift; sourceTree = "<group>"; };
		5064B80C26B5A75100994961 /* DataSets.swift */ = {isa = PBXFileReference; fileEncoding = 4; lastKnownFileType = sourcecode.swift; name = DataSets.swift; path = FavoGames/Model/DataSets.swift; sourceTree = "<group>"; };
		5064B80D26B5A75100994961 /* ProfileModel.swift */ = {isa = PBXFileReference; fileEncoding = 4; lastKnownFileType = sourcecode.swift; name = ProfileModel.swift; path = FavoGames/Model/ProfileModel.swift; sourceTree = "<group>"; };
		5064B80E26B5A75100994961 /* LoadModel.swift */ = {isa = PBXFileReference; fileEncoding = 4; lastKnownFileType = sourcecode.swift; name = LoadModel.swift; path = FavoGames/Model/LoadModel.swift; sourceTree = "<group>"; };
		5064B80F26B5A75100994961 /* SendDBModel.swift */ = {isa = PBXFileReference; fileEncoding = 4; lastKnownFileType = sourcecode.swift; name = SendDBModel.swift; path = FavoGames/Model/SendDBModel.swift; sourceTree = "<group>"; };
		50763BEE261057210071941E /* TrendViewController.swift */ = {isa = PBXFileReference; lastKnownFileType = sourcecode.swift; path = TrendViewController.swift; sourceTree = "<group>"; };
		50777F9B261C8B77005314BF /* TabBarController.swift */ = {isa = PBXFileReference; lastKnownFileType = sourcecode.swift; path = TabBarController.swift; sourceTree = "<group>"; };
		50777FA0261CAB58005314BF /* MemoViewController.swift */ = {isa = PBXFileReference; lastKnownFileType = sourcecode.swift; path = MemoViewController.swift; sourceTree = "<group>"; };
		507B8DFB266266770001B8DC /* MemoViewCell.swift */ = {isa = PBXFileReference; lastKnownFileType = sourcecode.swift; path = MemoViewCell.swift; sourceTree = "<group>"; };
		507B8DFC266266770001B8DC /* MemoViewCell.xib */ = {isa = PBXFileReference; lastKnownFileType = file.xib; path = MemoViewCell.xib; sourceTree = "<group>"; };
		508B0B46260B615700FBA8C5 /* CreateUserViewController.swift */ = {isa = PBXFileReference; lastKnownFileType = sourcecode.swift; path = CreateUserViewController.swift; sourceTree = "<group>"; };
		508C81F126A471230023770B /* LikeCell.swift */ = {isa = PBXFileReference; lastKnownFileType = sourcecode.swift; path = LikeCell.swift; sourceTree = "<group>"; };
		508C81F226A471230023770B /* LikeCell.xib */ = {isa = PBXFileReference; lastKnownFileType = file.xib; path = LikeCell.xib; sourceTree = "<group>"; };
		508C95DA2622D6FC0077F3A6 /* DetailViewController.swift */ = {isa = PBXFileReference; lastKnownFileType = sourcecode.swift; path = DetailViewController.swift; sourceTree = "<group>"; };
		5098092D26A58B7C005240D4 /* VideoViewController.swift */ = {isa = PBXFileReference; lastKnownFileType = sourcecode.swift; path = VideoViewController.swift; sourceTree = "<group>"; };
		5098092F26A59EDF005240D4 /* GoogleViewController.swift */ = {isa = PBXFileReference; lastKnownFileType = sourcecode.swift; path = GoogleViewController.swift; sourceTree = "<group>"; };
		50A8D81E2645310C008B5CEA /* SearchResultsViewController.swift */ = {isa = PBXFileReference; lastKnownFileType = sourcecode.swift; path = SearchResultsViewController.swift; sourceTree = "<group>"; };
		50CF1B9C263525DA00ECF7E4 /* GameViewController.swift */ = {isa = PBXFileReference; lastKnownFileType = sourcecode.swift; path = GameViewController.swift; sourceTree = "<group>"; };
		50D9222726078EB5009A7BB0 /* FavoGames.app */ = {isa = PBXFileReference; explicitFileType = wrapper.application; includeInIndex = 0; path = FavoGames.app; sourceTree = BUILT_PRODUCTS_DIR; };
		50D9222A26078EB5009A7BB0 /* AppDelegate.swift */ = {isa = PBXFileReference; lastKnownFileType = sourcecode.swift; path = AppDelegate.swift; sourceTree = "<group>"; };
		50D9222C26078EB5009A7BB0 /* SceneDelegate.swift */ = {isa = PBXFileReference; lastKnownFileType = sourcecode.swift; path = SceneDelegate.swift; sourceTree = "<group>"; };
		50D9222E26078EB5009A7BB0 /* TutorialViewController.swift */ = {isa = PBXFileReference; lastKnownFileType = sourcecode.swift; path = TutorialViewController.swift; sourceTree = "<group>"; };
		50D9223126078EB5009A7BB0 /* Base */ = {isa = PBXFileReference; lastKnownFileType = file.storyboard; name = Base; path = Base.lproj/Main.storyboard; sourceTree = "<group>"; };
		50D9223326078EB6009A7BB0 /* Assets.xcassets */ = {isa = PBXFileReference; lastKnownFileType = folder.assetcatalog; path = Assets.xcassets; sourceTree = "<group>"; };
		50D9223626078EB6009A7BB0 /* Base */ = {isa = PBXFileReference; lastKnownFileType = file.storyboard; name = Base; path = Base.lproj/LaunchScreen.storyboard; sourceTree = "<group>"; };
		50D9223826078EB6009A7BB0 /* Info.plist */ = {isa = PBXFileReference; lastKnownFileType = text.plist.xml; path = Info.plist; sourceTree = "<group>"; };
		50F33D19268783C7001A358D /* ProfileEditViewController.swift */ = {isa = PBXFileReference; lastKnownFileType = sourcecode.swift; path = ProfileEditViewController.swift; sourceTree = "<group>"; };
		50F5585E2691F885004A73AE /* SplashViewController.swift */ = {isa = PBXFileReference; lastKnownFileType = sourcecode.swift; path = SplashViewController.swift; sourceTree = "<group>"; };
		50F8BE1226B0373300980972 /* GoogleService-Info.plist */ = {isa = PBXFileReference; fileEncoding = 4; lastKnownFileType = text.plist.xml; name = "GoogleService-Info.plist"; path = "../../../../Downloads/GoogleService-Info.plist"; sourceTree = "<group>"; };
		6BCD9D398C3C43D955F084EC /* Pods-FavoGames.release.xcconfig */ = {isa = PBXFileReference; includeInIndex = 1; lastKnownFileType = text.xcconfig; name = "Pods-FavoGames.release.xcconfig"; path = "Target Support Files/Pods-FavoGames/Pods-FavoGames.release.xcconfig"; sourceTree = "<group>"; };
		C72A6CE1A1BDC90C47270B74 /* Pods_FavoGames.framework */ = {isa = PBXFileReference; explicitFileType = wrapper.framework; includeInIndex = 0; path = Pods_FavoGames.framework; sourceTree = BUILT_PRODUCTS_DIR; };
/* End PBXFileReference section */

/* Begin PBXFrameworksBuildPhase section */
		50D9222426078EB5009A7BB0 /* Frameworks */ = {
			isa = PBXFrameworksBuildPhase;
			buildActionMask = 2147483647;
			files = (
				FC1DB69F43320DF3CE779F51 /* Pods_FavoGames.framework in Frameworks */,
			);
			runOnlyForDeploymentPostprocessing = 0;
		};
/* End PBXFrameworksBuildPhase section */

/* Begin PBXGroup section */
		50763BE726102C970071941E /* View */ = {
			isa = PBXGroup;
			children = (
				50D9223026078EB5009A7BB0 /* Main.storyboard */,
				504E35542625C68700A119D1 /* ContentsCell.swift */,
				504E35552625C68700A119D1 /* ContentsCell.xib */,
				504C30D5265BC30300C520B0 /* ContentDetailCell.swift */,
				504C30D6265BC30300C520B0 /* ContentDetailCell.xib */,
				507B8DFB266266770001B8DC /* MemoViewCell.swift */,
				507B8DFC266266770001B8DC /* MemoViewCell.xib */,
				508C81F126A471230023770B /* LikeCell.swift */,
				508C81F226A471230023770B /* LikeCell.xib */,
			);
			path = View;
			sourceTree = "<group>";
		};
		50763BE826102CA50071941E /* Controller */ = {
			isa = PBXGroup;
			children = (
				50F5585E2691F885004A73AE /* SplashViewController.swift */,
				50D9222E26078EB5009A7BB0 /* TutorialViewController.swift */,
				508B0B46260B615700FBA8C5 /* CreateUserViewController.swift */,
				504E35512625982D00A119D1 /* ProfileViewController.swift */,
				50F33D19268783C7001A358D /* ProfileEditViewController.swift */,
				50777F9B261C8B77005314BF /* TabBarController.swift */,
				50763BEE261057210071941E /* TrendViewController.swift */,
				50CF1B9C263525DA00ECF7E4 /* GameViewController.swift */,
				505854542635081B00182CFD /* SearchViewController.swift */,
				50A8D81E2645310C008B5CEA /* SearchResultsViewController.swift */,
				508C95DA2622D6FC0077F3A6 /* DetailViewController.swift */,
				50777FA0261CAB58005314BF /* MemoViewController.swift */,
				5098092D26A58B7C005240D4 /* VideoViewController.swift */,
				5098092F26A59EDF005240D4 /* GoogleViewController.swift */,
			);
			path = Controller;
			sourceTree = "<group>";
		};
		50763BF3261068B50071941E /* Model */ = {
			isa = PBXGroup;
			children = (
				5064B80B26B5A75100994961 /* ContentModel.swift */,
				5064B80C26B5A75100994961 /* DataSets.swift */,
				5064B80926B5A75000994961 /* LikeModel.swift */,
				5064B80E26B5A75100994961 /* LoadModel.swift */,
				5064B80D26B5A75100994961 /* ProfileModel.swift */,
				5064B80826B5A75000994961 /* SearchAndLoadModel.swift */,
				5064B80F26B5A75100994961 /* SendDBModel.swift */,
			);
			name = Model;
			path = ..;
			sourceTree = "<group>";
		};
		50D9221E26078EB5009A7BB0 = {
			isa = PBXGroup;
			children = (
				50D9222926078EB5009A7BB0 /* FavoGames */,
				50D9222826078EB5009A7BB0 /* Products */,
				B0B46FA3BA3AC5CCEF1F290C /* Pods */,
				7F915DD5A84C80A96C044303 /* Frameworks */,
			);
			sourceTree = "<group>";
		};
		50D9222826078EB5009A7BB0 /* Products */ = {
			isa = PBXGroup;
			children = (
				50D9222726078EB5009A7BB0 /* FavoGames.app */,
			);
			name = Products;
			sourceTree = "<group>";
		};
		50D9222926078EB5009A7BB0 /* FavoGames */ = {
			isa = PBXGroup;
			children = (
				50D9222A26078EB5009A7BB0 /* AppDelegate.swift */,
				50D9222C26078EB5009A7BB0 /* SceneDelegate.swift */,
				50763BF3261068B50071941E /* Model */,
				50763BE826102CA50071941E /* Controller */,
				50763BE726102C970071941E /* View */,
				50D9223326078EB6009A7BB0 /* Assets.xcassets */,
				50D9223526078EB6009A7BB0 /* LaunchScreen.storyboard */,
				50D9223826078EB6009A7BB0 /* Info.plist */,
				50F8BE1226B0373300980972 /* GoogleService-Info.plist */,
			);
			path = FavoGames;
			sourceTree = "<group>";
		};
		7F915DD5A84C80A96C044303 /* Frameworks */ = {
			isa = PBXGroup;
			children = (
				C72A6CE1A1BDC90C47270B74 /* Pods_FavoGames.framework */,
			);
			name = Frameworks;
			sourceTree = "<group>";
		};
		B0B46FA3BA3AC5CCEF1F290C /* Pods */ = {
			isa = PBXGroup;
			children = (
				3B86963A1E8174124908661F /* Pods-FavoGames.debug.xcconfig */,
				6BCD9D398C3C43D955F084EC /* Pods-FavoGames.release.xcconfig */,
			);
			path = Pods;
			sourceTree = "<group>";
		};
/* End PBXGroup section */

/* Begin PBXNativeTarget section */
		50D9222626078EB5009A7BB0 /* FavoGames */ = {
			isa = PBXNativeTarget;
			buildConfigurationList = 50D9223B26078EB6009A7BB0 /* Build configuration list for PBXNativeTarget "FavoGames" */;
			buildPhases = (
				37CD80611DF5BF249CB0C3F5 /* [CP] Check Pods Manifest.lock */,
				50D9222326078EB5009A7BB0 /* Sources */,
				50D9222426078EB5009A7BB0 /* Frameworks */,
				50D9222526078EB5009A7BB0 /* Resources */,
				DD1330899FB6EF94CABF51C6 /* [CP] Embed Pods Frameworks */,
			);
			buildRules = (
			);
			dependencies = (
			);
			name = FavoGames;
			productName = GR;
			productReference = 50D9222726078EB5009A7BB0 /* FavoGames.app */;
			productType = "com.apple.product-type.application";
		};
/* End PBXNativeTarget section */

/* Begin PBXProject section */
		50D9221F26078EB5009A7BB0 /* Project object */ = {
			isa = PBXProject;
			attributes = {
				LastSwiftUpdateCheck = 1240;
				LastUpgradeCheck = 1240;
				TargetAttributes = {
					50D9222626078EB5009A7BB0 = {
						CreatedOnToolsVersion = 12.4;
					};
				};
			};
			buildConfigurationList = 50D9222226078EB5009A7BB0 /* Build configuration list for PBXProject "FavoGames" */;
			compatibilityVersion = "Xcode 9.3";
			developmentRegion = en;
			hasScannedForEncodings = 0;
			knownRegions = (
				en,
				Base,
			);
			mainGroup = 50D9221E26078EB5009A7BB0;
			productRefGroup = 50D9222826078EB5009A7BB0 /* Products */;
			projectDirPath = "";
			projectRoot = "";
			targets = (
				50D9222626078EB5009A7BB0 /* FavoGames */,
			);
		};
/* End PBXProject section */

/* Begin PBXResourcesBuildPhase section */
		50D9222526078EB5009A7BB0 /* Resources */ = {
			isa = PBXResourcesBuildPhase;
			buildActionMask = 2147483647;
			files = (
				507B8DFE266266770001B8DC /* MemoViewCell.xib in Resources */,
				50F8BE1326B0373300980972 /* GoogleService-Info.plist in Resources */,
				50D9223726078EB6009A7BB0 /* LaunchScreen.storyboard in Resources */,
				504C30D8265BC30300C520B0 /* ContentDetailCell.xib in Resources */,
				508C81F426A471230023770B /* LikeCell.xib in Resources */,
				504E35572625C68700A119D1 /* ContentsCell.xib in Resources */,
				50D9223426078EB6009A7BB0 /* Assets.xcassets in Resources */,
				50D9223226078EB5009A7BB0 /* Main.storyboard in Resources */,
			);
			runOnlyForDeploymentPostprocessing = 0;
		};
/* End PBXResourcesBuildPhase section */

/* Begin PBXShellScriptBuildPhase section */
		37CD80611DF5BF249CB0C3F5 /* [CP] Check Pods Manifest.lock */ = {
			isa = PBXShellScriptBuildPhase;
			buildActionMask = 2147483647;
			files = (
			);
			inputFileListPaths = (
			);
			inputPaths = (
				"${PODS_PODFILE_DIR_PATH}/Podfile.lock",
				"${PODS_ROOT}/Manifest.lock",
			);
			name = "[CP] Check Pods Manifest.lock";
			outputFileListPaths = (
			);
			outputPaths = (
				"$(DERIVED_FILE_DIR)/Pods-FavoGames-checkManifestLockResult.txt",
			);
			runOnlyForDeploymentPostprocessing = 0;
			shellPath = /bin/sh;
			shellScript = "diff \"${PODS_PODFILE_DIR_PATH}/Podfile.lock\" \"${PODS_ROOT}/Manifest.lock\" > /dev/null\nif [ $? != 0 ] ; then\n    # print error to STDERR\n    echo \"error: The sandbox is not in sync with the Podfile.lock. Run 'pod install' or update your CocoaPods installation.\" >&2\n    exit 1\nfi\n# This output is used by Xcode 'outputs' to avoid re-running this script phase.\necho \"SUCCESS\" > \"${SCRIPT_OUTPUT_FILE_0}\"\n";
			showEnvVarsInLog = 0;
		};
		DD1330899FB6EF94CABF51C6 /* [CP] Embed Pods Frameworks */ = {
			isa = PBXShellScriptBuildPhase;
			buildActionMask = 2147483647;
			files = (
			);
			inputFileListPaths = (
				"${PODS_ROOT}/Target Support Files/Pods-FavoGames/Pods-FavoGames-frameworks-${CONFIGURATION}-input-files.xcfilelist",
			);
			name = "[CP] Embed Pods Frameworks";
			outputFileListPaths = (
				"${PODS_ROOT}/Target Support Files/Pods-FavoGames/Pods-FavoGames-frameworks-${CONFIGURATION}-output-files.xcfilelist",
			);
			runOnlyForDeploymentPostprocessing = 0;
			shellPath = /bin/sh;
			shellScript = "\"${PODS_ROOT}/Target Support Files/Pods-FavoGames/Pods-FavoGames-frameworks.sh\"\n";
			showEnvVarsInLog = 0;
		};
/* End PBXShellScriptBuildPhase section */

/* Begin PBXSourcesBuildPhase section */
		50D9222326078EB5009A7BB0 /* Sources */ = {
			isa = PBXSourcesBuildPhase;
			buildActionMask = 2147483647;
			files = (
				50F5585F2691F885004A73AE /* SplashViewController.swift in Sources */,
				5064B81726B5A75100994961 /* SendDBModel.swift in Sources */,
				5098093026A59EDF005240D4 /* GoogleViewController.swift in Sources */,
				508C95DB2622D6FC0077F3A6 /* DetailViewController.swift in Sources */,
				50D9222F26078EB5009A7BB0 /* TutorialViewController.swift in Sources */,
				50F33D1A268783C7001A358D /* ProfileEditViewController.swift in Sources */,
				5064B81126B5A75100994961 /* LikeModel.swift in Sources */,
				505854552635081B00182CFD /* SearchViewController.swift in Sources */,
				50CF1B9D263525DA00ECF7E4 /* GameViewController.swift in Sources */,
				507B8DFD266266770001B8DC /* MemoViewCell.swift in Sources */,
				5064B81626B5A75100994961 /* LoadModel.swift in Sources */,
				5098092E26A58B7C005240D4 /* VideoViewController.swift in Sources */,
				508C81F326A471230023770B /* LikeCell.swift in Sources */,
				50777FA1261CAB58005314BF /* MemoViewController.swift in Sources */,
				5064B81526B5A75100994961 /* ProfileModel.swift in Sources */,
				508B0B47260B615700FBA8C5 /* CreateUserViewController.swift in Sources */,
				504E35522625982D00A119D1 /* ProfileViewController.swift in Sources */,
				5064B81426B5A75100994961 /* DataSets.swift in Sources */,
				504E35562625C68700A119D1 /* ContentsCell.swift in Sources */,
				5064B81026B5A75100994961 /* SearchAndLoadModel.swift in Sources */,
				504C30D7265BC30300C520B0 /* ContentDetailCell.swift in Sources */,
				50763BEF261057210071941E /* TrendViewController.swift in Sources */,
				50A8D81F2645310C008B5CEA /* SearchResultsViewController.swift in Sources */,
				50777F9C261C8B77005314BF /* TabBarController.swift in Sources */,
				50D9222B26078EB5009A7BB0 /* AppDelegate.swift in Sources */,
				5064B81326B5A75100994961 /* ContentModel.swift in Sources */,
				50D9222D26078EB5009A7BB0 /* SceneDelegate.swift in Sources */,
			);
			runOnlyForDeploymentPostprocessing = 0;
		};
/* End PBXSourcesBuildPhase section */

/* Begin PBXVariantGroup section */
		50D9223026078EB5009A7BB0 /* Main.storyboard */ = {
			isa = PBXVariantGroup;
			children = (
				50D9223126078EB5009A7BB0 /* Base */,
			);
			name = Main.storyboard;
			sourceTree = "<group>";
		};
		50D9223526078EB6009A7BB0 /* LaunchScreen.storyboard */ = {
			isa = PBXVariantGroup;
			children = (
				50D9223626078EB6009A7BB0 /* Base */,
			);
			name = LaunchScreen.storyboard;
			sourceTree = "<group>";
		};
/* End PBXVariantGroup section */

/* Begin XCBuildConfiguration section */
		50D9223926078EB6009A7BB0 /* Debug */ = {
			isa = XCBuildConfiguration;
			buildSettings = {
				ALWAYS_SEARCH_USER_PATHS = NO;
				CLANG_ANALYZER_NONNULL = YES;
				CLANG_ANALYZER_NUMBER_OBJECT_CONVERSION = YES_AGGRESSIVE;
				CLANG_CXX_LANGUAGE_STANDARD = "gnu++14";
				CLANG_CXX_LIBRARY = "libc++";
				CLANG_ENABLE_MODULES = YES;
				CLANG_ENABLE_OBJC_ARC = YES;
				CLANG_ENABLE_OBJC_WEAK = YES;
				CLANG_WARN_BLOCK_CAPTURE_AUTORELEASING = YES;
				CLANG_WARN_BOOL_CONVERSION = YES;
				CLANG_WARN_COMMA = YES;
				CLANG_WARN_CONSTANT_CONVERSION = YES;
				CLANG_WARN_DEPRECATED_OBJC_IMPLEMENTATIONS = YES;
				CLANG_WARN_DIRECT_OBJC_ISA_USAGE = YES_ERROR;
				CLANG_WARN_DOCUMENTATION_COMMENTS = YES;
				CLANG_WARN_EMPTY_BODY = YES;
				CLANG_WARN_ENUM_CONVERSION = YES;
				CLANG_WARN_INFINITE_RECURSION = YES;
				CLANG_WARN_INT_CONVERSION = YES;
				CLANG_WARN_NON_LITERAL_NULL_CONVERSION = YES;
				CLANG_WARN_OBJC_IMPLICIT_RETAIN_SELF = YES;
				CLANG_WARN_OBJC_LITERAL_CONVERSION = YES;
				CLANG_WARN_OBJC_ROOT_CLASS = YES_ERROR;
				CLANG_WARN_QUOTED_INCLUDE_IN_FRAMEWORK_HEADER = YES;
				CLANG_WARN_RANGE_LOOP_ANALYSIS = YES;
				CLANG_WARN_STRICT_PROTOTYPES = YES;
				CLANG_WARN_SUSPICIOUS_MOVE = YES;
				CLANG_WARN_UNGUARDED_AVAILABILITY = YES_AGGRESSIVE;
				CLANG_WARN_UNREACHABLE_CODE = YES;
				CLANG_WARN__DUPLICATE_METHOD_MATCH = YES;
				COPY_PHASE_STRIP = NO;
				DEBUG_INFORMATION_FORMAT = dwarf;
				ENABLE_STRICT_OBJC_MSGSEND = YES;
				ENABLE_TESTABILITY = YES;
				GCC_C_LANGUAGE_STANDARD = gnu11;
				GCC_DYNAMIC_NO_PIC = NO;
				GCC_NO_COMMON_BLOCKS = YES;
				GCC_OPTIMIZATION_LEVEL = 0;
				GCC_PREPROCESSOR_DEFINITIONS = (
					"DEBUG=1",
					"$(inherited)",
				);
				GCC_WARN_64_TO_32_BIT_CONVERSION = YES;
				GCC_WARN_ABOUT_RETURN_TYPE = YES_ERROR;
				GCC_WARN_UNDECLARED_SELECTOR = YES;
				GCC_WARN_UNINITIALIZED_AUTOS = YES_AGGRESSIVE;
				GCC_WARN_UNUSED_FUNCTION = YES;
				GCC_WARN_UNUSED_VARIABLE = YES;
				IPHONEOS_DEPLOYMENT_TARGET = 14.4;
				MTL_ENABLE_DEBUG_INFO = INCLUDE_SOURCE;
				MTL_FAST_MATH = YES;
				ONLY_ACTIVE_ARCH = YES;
				SDKROOT = iphoneos;
				SWIFT_ACTIVE_COMPILATION_CONDITIONS = DEBUG;
				SWIFT_OPTIMIZATION_LEVEL = "-Onone";
			};
			name = Debug;
		};
		50D9223A26078EB6009A7BB0 /* Release */ = {
			isa = XCBuildConfiguration;
			buildSettings = {
				ALWAYS_SEARCH_USER_PATHS = NO;
				CLANG_ANALYZER_NONNULL = YES;
				CLANG_ANALYZER_NUMBER_OBJECT_CONVERSION = YES_AGGRESSIVE;
				CLANG_CXX_LANGUAGE_STANDARD = "gnu++14";
				CLANG_CXX_LIBRARY = "libc++";
				CLANG_ENABLE_MODULES = YES;
				CLANG_ENABLE_OBJC_ARC = YES;
				CLANG_ENABLE_OBJC_WEAK = YES;
				CLANG_WARN_BLOCK_CAPTURE_AUTORELEASING = YES;
				CLANG_WARN_BOOL_CONVERSION = YES;
				CLANG_WARN_COMMA = YES;
				CLANG_WARN_CONSTANT_CONVERSION = YES;
				CLANG_WARN_DEPRECATED_OBJC_IMPLEMENTATIONS = YES;
				CLANG_WARN_DIRECT_OBJC_ISA_USAGE = YES_ERROR;
				CLANG_WARN_DOCUMENTATION_COMMENTS = YES;
				CLANG_WARN_EMPTY_BODY = YES;
				CLANG_WARN_ENUM_CONVERSION = YES;
				CLANG_WARN_INFINITE_RECURSION = YES;
				CLANG_WARN_INT_CONVERSION = YES;
				CLANG_WARN_NON_LITERAL_NULL_CONVERSION = YES;
				CLANG_WARN_OBJC_IMPLICIT_RETAIN_SELF = YES;
				CLANG_WARN_OBJC_LITERAL_CONVERSION = YES;
				CLANG_WARN_OBJC_ROOT_CLASS = YES_ERROR;
				CLANG_WARN_QUOTED_INCLUDE_IN_FRAMEWORK_HEADER = YES;
				CLANG_WARN_RANGE_LOOP_ANALYSIS = YES;
				CLANG_WARN_STRICT_PROTOTYPES = YES;
				CLANG_WARN_SUSPICIOUS_MOVE = YES;
				CLANG_WARN_UNGUARDED_AVAILABILITY = YES_AGGRESSIVE;
				CLANG_WARN_UNREACHABLE_CODE = YES;
				CLANG_WARN__DUPLICATE_METHOD_MATCH = YES;
				COPY_PHASE_STRIP = NO;
				DEBUG_INFORMATION_FORMAT = "dwarf-with-dsym";
				ENABLE_NS_ASSERTIONS = NO;
				ENABLE_STRICT_OBJC_MSGSEND = YES;
				GCC_C_LANGUAGE_STANDARD = gnu11;
				GCC_NO_COMMON_BLOCKS = YES;
				GCC_WARN_64_TO_32_BIT_CONVERSION = YES;
				GCC_WARN_ABOUT_RETURN_TYPE = YES_ERROR;
				GCC_WARN_UNDECLARED_SELECTOR = YES;
				GCC_WARN_UNINITIALIZED_AUTOS = YES_AGGRESSIVE;
				GCC_WARN_UNUSED_FUNCTION = YES;
				GCC_WARN_UNUSED_VARIABLE = YES;
				IPHONEOS_DEPLOYMENT_TARGET = 14.4;
				MTL_ENABLE_DEBUG_INFO = NO;
				MTL_FAST_MATH = YES;
				SDKROOT = iphoneos;
				SWIFT_COMPILATION_MODE = wholemodule;
				SWIFT_OPTIMIZATION_LEVEL = "-O";
				VALIDATE_PRODUCT = YES;
			};
			name = Release;
		};
		50D9223C26078EB6009A7BB0 /* Debug */ = {
			isa = XCBuildConfiguration;
			baseConfigurationReference = 3B86963A1E8174124908661F /* Pods-FavoGames.debug.xcconfig */;
			buildSettings = {
				ASSETCATALOG_COMPILER_APPICON_NAME = AppIcon;
				ASSETCATALOG_COMPILER_GLOBAL_ACCENT_COLOR_NAME = AccentColor;
				CODE_SIGN_ENTITLEMENTS = "";
				CODE_SIGN_STYLE = Automatic;
				DEVELOPMENT_TEAM = B9WD868NNN;
				INFOPLIST_FILE = "$(SRCROOT)/FavoGames/Info.plist";
				LD_RUNPATH_SEARCH_PATHS = (
					"$(inherited)",
					"@executable_path/Frameworks",
				);
				PRODUCT_BUNDLE_IDENTIFIER = com.emiri.FavoGames;
				PRODUCT_NAME = "$(TARGET_NAME)";
				SWIFT_VERSION = 5.0;
				TARGETED_DEVICE_FAMILY = 1;
			};
			name = Debug;
		};
		50D9223D26078EB6009A7BB0 /* Release */ = {
			isa = XCBuildConfiguration;
			baseConfigurationReference = 6BCD9D398C3C43D955F084EC /* Pods-FavoGames.release.xcconfig */;
			buildSettings = {
				ASSETCATALOG_COMPILER_APPICON_NAME = AppIcon;
				ASSETCATALOG_COMPILER_GLOBAL_ACCENT_COLOR_NAME = AccentColor;
				CODE_SIGN_ENTITLEMENTS = "";
				CODE_SIGN_STYLE = Automatic;
				DEVELOPMENT_TEAM = B9WD868NNN;
				INFOPLIST_FILE = "$(SRCROOT)/FavoGames/Info.plist";
				LD_RUNPATH_SEARCH_PATHS = (
					"$(inherited)",
					"@executable_path/Frameworks",
				);
				PRODUCT_BUNDLE_IDENTIFIER = com.emiri.FavoGames;
				PRODUCT_NAME = "$(TARGET_NAME)";
				SWIFT_VERSION = 5.0;
				TARGETED_DEVICE_FAMILY = 1;
			};
			name = Release;
		};
/* End XCBuildConfiguration section */

/* Begin XCConfigurationList section */
		50D9222226078EB5009A7BB0 /* Build configuration list for PBXProject "FavoGames" */ = {
			isa = XCConfigurationList;
			buildConfigurations = (
				50D9223926078EB6009A7BB0 /* Debug */,
				50D9223A26078EB6009A7BB0 /* Release */,
			);
			defaultConfigurationIsVisible = 0;
			defaultConfigurationName = Release;
		};
		50D9223B26078EB6009A7BB0 /* Build configuration list for PBXNativeTarget "FavoGames" */ = {
			isa = XCConfigurationList;
			buildConfigurations = (
				50D9223C26078EB6009A7BB0 /* Debug */,
				50D9223D26078EB6009A7BB0 /* Release */,
			);
			defaultConfigurationIsVisible = 0;
			defaultConfigurationName = Release;
		};
/* End XCConfigurationList section */
	};
	rootObject = 50D9221F26078EB5009A7BB0 /* Project object */;
}
